
Microsoft Visual Studio Solution File, Format Version 12.00
# Visual Studio 2012
Project("{8BC9CEB8-8B4A-11D0-8D11-00A0C91BC942}") = "Lab", "Lab\Lab.vcxproj", "{E50DBD35-C67F-466E-928B-D506B2F473FF}"
EndProject
Global
	GlobalSection(SolutionConfigurationPlatforms) = preSolution
		Debug|Win32 = Debug|Win32
		Release|Win32 = Release|Win32
	EndGlobalSection
	GlobalSection(ProjectConfigurationPlatforms) = postSolution
		{E50DBD35-C67F-466E-928B-D506B2F473FF}.Debug|Win32.ActiveCfg = Debug|Win32
		{E50DBD35-C67F-466E-928B-D506B2F473FF}.Debug|Win32.Build.0 = Debug|Win32
		{E50DBD35-C67F-466E-928B-D506B2F473FF}.Release|Win32.ActiveCfg = Release|Win32
		{E50DBD35-C67F-466E-928B-D506B2F473FF}.Release|Win32.Build.0 = Release|Win32
	EndGlobalSection
	GlobalSection(SolutionProperties) = preSolution
		HideSolutionNode = FALSE
	EndGlobalSection
EndGlobal
